Microsoft Visual Studio Solution File, Format Version 9.00
# Visual Studio 2005
Project("{8BC9CEB8-8B4A-11D0-8D11-00A0C91BC942}") = "Palo Shared Executable", "palo.vcproj", "{1C1C6CB9-0C2D-4A87-AD6B-4188CD6F3F07}"
	ProjectSection(ProjectDependencies) = postProject
		{FC9AE9F1-8066-45E3-AE96-09063E9F05CB} = {FC9AE9F1-8066-45E3-AE96-09063E9F05CB}
	EndProjectSection
EndProject
Project("{8BC9CEB8-8B4A-11D0-8D11-00A0C91BC942}") = "Palo Server Library", "palolib.vcproj", "{FC9AE9F1-8066-45E3-AE96-09063E9F05CB}"
EndProject
Project("{8BC9CEB8-8B4A-11D0-8D11-00A0C91BC942}") = "Palo HTTPS Library", "palohttps.vcproj", "{44F956E3-09CC-4ED5-81DB-27B9B9826BCD}"
	ProjectSection(ProjectDependencies) = postProject
		{FC9AE9F1-8066-45E3-AE96-09063E9F05CB} = {FC9AE9F1-8066-45E3-AE96-09063E9F05CB}
	EndProjectSection
EndProject
Global
	GlobalSection(SolutionConfigurationPlatforms) = preSolution
		Debug|Win32 = Debug|Win32
		Release|Win32 = Release|Win32
	EndGlobalSection
	GlobalSection(ProjectConfigurationPlatforms) = postSolution
		{1C1C6CB9-0C2D-4A87-AD6B-4188CD6F3F07}.Debug|Win32.ActiveCfg = Debug|Win32
		{1C1C6CB9-0C2D-4A87-AD6B-4188CD6F3F07}.Debug|Win32.Build.0 = Debug|Win32
		{1C1C6CB9-0C2D-4A87-AD6B-4188CD6F3F07}.Release|Win32.ActiveCfg = Release|Win32
		{1C1C6CB9-0C2D-4A87-AD6B-4188CD6F3F07}.Release|Win32.Build.0 = Release|Win32
		{FC9AE9F1-8066-45E3-AE96-09063E9F05CB}.Debug|Win32.ActiveCfg = Debug|Win32
		{FC9AE9F1-8066-45E3-AE96-09063E9F05CB}.Debug|Win32.Build.0 = Debug|Win32
		{FC9AE9F1-8066-45E3-AE96-09063E9F05CB}.Release|Win32.ActiveCfg = Release|Win32
		{FC9AE9F1-8066-45E3-AE96-09063E9F05CB}.Release|Win32.Build.0 = Release|Win32
		{44F956E3-09CC-4ED5-81DB-27B9B9826BCD}.Debug|Win32.ActiveCfg = Debug|Win32
		{44F956E3-09CC-4ED5-81DB-27B9B9826BCD}.Debug|Win32.Build.0 = Debug|Win32
		{44F956E3-09CC-4ED5-81DB-27B9B9826BCD}.Release|Win32.ActiveCfg = Release|Win32
	EndGlobalSection
	GlobalSection(SolutionProperties) = preSolution
		HideSolutionNode = FALSE
	EndGlobalSection
EndGlobal
